
Microsoft Visual Studio Solution File, Format Version 12.00
# Visual Studio Version 16
VisualStudioVersion = 16.0.30413.136
MinimumVisualStudioVersion = 10.0.40219.1
Project("{FAE04EC0-301F-11D3-BF4B-00C04F79EFBC}") = "shipper-v4", "shipper-v4\shipper-v4.csproj", "{AD67E7C8-9F8A-4BFB-BE35-F722D4ABEE22}"
EndProject
Global
	GlobalSection(SolutionConfigurationPlatforms) = preSolution
		Debug|Any CPU = Debug|Any CPU
		Release|Any CPU = Release|Any CPU
	EndGlobalSection
	GlobalSection(ProjectConfigurationPlatforms) = postSolution
		{AD67E7C8-9F8A-4BFB-BE35-F722D4ABEE22}.Debug|Any CPU.ActiveCfg = Debug|Any CPU
		{AD67E7C8-9F8A-4BFB-BE35-F722D4ABEE22}.Debug|Any CPU.Build.0 = Debug|Any CPU
		{AD67E7C8-9F8A-4BFB-BE35-F722D4ABEE22}.Release|Any CPU.ActiveCfg = Release|Any CPU
		{AD67E7C8-9F8A-4BFB-BE35-F722D4ABEE22}.Release|Any CPU.Build.0 = Release|Any CPU
	EndGlobalSection
	GlobalSection(SolutionProperties) = preSolution
		HideSolutionNode = FALSE
	EndGlobalSection
	GlobalSection(ExtensibilityGlobals) = postSolution
		SolutionGuid = {409DBC74-A634-48A2-A112-C0B87C2D917D}
	EndGlobalSection
EndGlobal
